
Microsoft Visual Studio Solution File, Format Version 12.00
# Visual Studio 15
VisualStudioVersion = 15.0.27130.2010
MinimumVisualStudioVersion = 10.0.40219.1
Project("{FAE04EC0-301F-11D3-BF4B-00C04F79EFBC}") = "Stegano", "KelErnBor\Stegano.csproj", "{D1B59C97-3C06-4200-96CB-68C4DCD38BD8}"
EndProject
Global
	GlobalSection(SolutionConfigurationPlatforms) = preSolution
		Debug|Any CPU = Debug|Any CPU
		Release|Any CPU = Release|Any CPU
	EndGlobalSection
	GlobalSection(ProjectConfigurationPlatforms) = postSolution
		{D1B59C97-3C06-4200-96CB-68C4DCD38BD8}.Debug|Any CPU.ActiveCfg = Debug|Any CPU
		{D1B59C97-3C06-4200-96CB-68C4DCD38BD8}.Debug|Any CPU.Build.0 = Debug|Any CPU
		{D1B59C97-3C06-4200-96CB-68C4DCD38BD8}.Release|Any CPU.ActiveCfg = Release|Any CPU
		{D1B59C97-3C06-4200-96CB-68C4DCD38BD8}.Release|Any CPU.Build.0 = Release|Any CPU
	EndGlobalSection
	GlobalSection(SolutionProperties) = preSolution
		HideSolutionNode = FALSE
	EndGlobalSection
	GlobalSection(ExtensibilityGlobals) = postSolution
		SolutionGuid = {F64EB85B-6299-45CA-BA4F-BB4E89EC8D9F}
	EndGlobalSection
EndGlobal
